
Microsoft Visual Studio Solution File, Format Version 12.00
# Visual Studio Version 17
VisualStudioVersion = 17.14.36518.9
MinimumVisualStudioVersion = 10.0.40219.1
Project("{FAE04EC0-301F-11D3-BF4B-00C04F79EFBC}") = "DocumentOcrProcessor", "src\DocumentOcrProcessor\DocumentOcrProcessor.csproj", "{F51A08A1-7BD9-98A0-2B24-4B2EA33AA859}"
EndProject
Project("{2150E333-8FDC-42A3-9474-1A3956D46DE8}") = "src", "src", "{02EA681E-C7D8-13C7-8484-4AC65E1B71E8}"
EndProject
Project("{2150E333-8FDC-42A3-9474-1A3956D46DE8}") = "tests", "tests", "{B77C210A-9023-464D-A3BA-D671A7622C2D}"
EndProject
Project("{FAE04EC0-301F-11D3-BF4B-00C04F79EFBC}") = "DocumentOcrProcessor.Tests", "tests\DocumentOcrProcessor.Tests.csproj", "{A1AC9937-E0AC-167A-4419-4A913A906E43}"
EndProject
Project("{FAE04EC0-301F-11D3-BF4B-00C04F79EFBC}") = "DocumentOcrWebApp", "src\DocumentOcrWebApp\DocumentOcrWebApp.csproj", "{A7AB77CA-E25B-460B-92BD-3CF5B1DA3663}"
EndProject
Global
	GlobalSection(SolutionConfigurationPlatforms) = preSolution
		Debug|Any CPU = Debug|Any CPU
		Release|Any CPU = Release|Any CPU
	EndGlobalSection
	GlobalSection(ProjectConfigurationPlatforms) = postSolution
		{F51A08A1-7BD9-98A0-2B24-4B2EA33AA859}.Debug|Any CPU.ActiveCfg = Debug|Any CPU
		{F51A08A1-7BD9-98A0-2B24-4B2EA33AA859}.Debug|Any CPU.Build.0 = Debug|Any CPU
		{F51A08A1-7BD9-98A0-2B24-4B2EA33AA859}.Release|Any CPU.ActiveCfg = Release|Any CPU
		{F51A08A1-7BD9-98A0-2B24-4B2EA33AA859}.Release|Any CPU.Build.0 = Release|Any CPU
		{A1AC9937-E0AC-167A-4419-4A913A906E43}.Debug|Any CPU.ActiveCfg = Debug|Any CPU
		{A1AC9937-E0AC-167A-4419-4A913A906E43}.Debug|Any CPU.Build.0 = Debug|Any CPU
		{A1AC9937-E0AC-167A-4419-4A913A906E43}.Release|Any CPU.ActiveCfg = Release|Any CPU
		{A1AC9937-E0AC-167A-4419-4A913A906E43}.Release|Any CPU.Build.0 = Release|Any CPU
		{A7AB77CA-E25B-460B-92BD-3CF5B1DA3663}.Debug|Any CPU.ActiveCfg = Debug|Any CPU
		{A7AB77CA-E25B-460B-92BD-3CF5B1DA3663}.Debug|Any CPU.Build.0 = Debug|Any CPU
		{A7AB77CA-E25B-460B-92BD-3CF5B1DA3663}.Release|Any CPU.ActiveCfg = Release|Any CPU
		{A7AB77CA-E25B-460B-92BD-3CF5B1DA3663}.Release|Any CPU.Build.0 = Release|Any CPU
	EndGlobalSection
	GlobalSection(SolutionProperties) = preSolution
		HideSolutionNode = FALSE
	EndGlobalSection
	GlobalSection(NestedProjects) = preSolution
		{F51A08A1-7BD9-98A0-2B24-4B2EA33AA859} = {02EA681E-C7D8-13C7-8484-4AC65E1B71E8}
		{A1AC9937-E0AC-167A-4419-4A913A906E43} = {B77C210A-9023-464D-A3BA-D671A7622C2D}
		{A7AB77CA-E25B-460B-92BD-3CF5B1DA3663} = {02EA681E-C7D8-13C7-8484-4AC65E1B71E8}
	EndGlobalSection
	GlobalSection(ExtensibilityGlobals) = postSolution
		SolutionGuid = {CF7058B2-E2D9-49F4-B12E-CAB1827F4B80}
	EndGlobalSection
EndGlobal
